
Microsoft Visual Studio Solution File, Format Version 12.00
# Visual Studio 14
VisualStudioVersion = 14.0.23107.0
MinimumVisualStudioVersion = 10.0.40219.1
Project("{8BC9CEB8-8B4A-11D0-8D11-00A0C91BC942}") = "Tests_opencv", "Tests_opencv\Tests_opencv.vcxproj", "{5441F041-EE57-47B2-BA4D-C5FC715D0C31}"
EndProject
Project("{8BC9CEB8-8B4A-11D0-8D11-00A0C91BC942}") = "TP2", "TP2\TP2.vcxproj", "{A0B73BF5-69A2-44AE-9AB4-4272D3955D37}"
EndProject
Project("{8BC9CEB8-8B4A-11D0-8D11-00A0C91BC942}") = "TP_NOTE_1", "TP_NOTE_1\TP_NOTE_1.vcxproj", "{56B1A932-AC7F-48D5-901B-9EC121C9DEE4}"
EndProject
Global
	GlobalSection(SolutionConfigurationPlatforms) = preSolution
		Debug|x64 = Debug|x64
		Debug|x86 = Debug|x86
		Release|x64 = Release|x64
		Release|x86 = Release|x86
	EndGlobalSection
	GlobalSection(ProjectConfigurationPlatforms) = postSolution
		{5441F041-EE57-47B2-BA4D-C5FC715D0C31}.Debug|x64.ActiveCfg = Debug|x64
		{5441F041-EE57-47B2-BA4D-C5FC715D0C31}.Debug|x64.Build.0 = Debug|x64
		{5441F041-EE57-47B2-BA4D-C5FC715D0C31}.Debug|x86.ActiveCfg = Debug|Win32
		{5441F041-EE57-47B2-BA4D-C5FC715D0C31}.Debug|x86.Build.0 = Debug|Win32
		{5441F041-EE57-47B2-BA4D-C5FC715D0C31}.Release|x64.ActiveCfg = Release|x64
		{5441F041-EE57-47B2-BA4D-C5FC715D0C31}.Release|x64.Build.0 = Release|x64
		{5441F041-EE57-47B2-BA4D-C5FC715D0C31}.Release|x86.ActiveCfg = Release|Win32
		{5441F041-EE57-47B2-BA4D-C5FC715D0C31}.Release|x86.Build.0 = Release|Win32
		{A0B73BF5-69A2-44AE-9AB4-4272D3955D37}.Debug|x64.ActiveCfg = Debug|x64
		{A0B73BF5-69A2-44AE-9AB4-4272D3955D37}.Debug|x64.Build.0 = Debug|x64
		{A0B73BF5-69A2-44AE-9AB4-4272D3955D37}.Debug|x86.ActiveCfg = Debug|Win32
		{A0B73BF5-69A2-44AE-9AB4-4272D3955D37}.Debug|x86.Build.0 = Debug|Win32
		{A0B73BF5-69A2-44AE-9AB4-4272D3955D37}.Release|x64.ActiveCfg = Release|x64
		{A0B73BF5-69A2-44AE-9AB4-4272D3955D37}.Release|x64.Build.0 = Release|x64
		{A0B73BF5-69A2-44AE-9AB4-4272D3955D37}.Release|x86.ActiveCfg = Release|Win32
		{A0B73BF5-69A2-44AE-9AB4-4272D3955D37}.Release|x86.Build.0 = Release|Win32
		{56B1A932-AC7F-48D5-901B-9EC121C9DEE4}.Debug|x64.ActiveCfg = Debug|x64
		{56B1A932-AC7F-48D5-901B-9EC121C9DEE4}.Debug|x64.Build.0 = Debug|x64
		{56B1A932-AC7F-48D5-901B-9EC121C9DEE4}.Debug|x86.ActiveCfg = Debug|Win32
		{56B1A932-AC7F-48D5-901B-9EC121C9DEE4}.Debug|x86.Build.0 = Debug|Win32
		{56B1A932-AC7F-48D5-901B-9EC121C9DEE4}.Release|x64.ActiveCfg = Release|x64
		{56B1A932-AC7F-48D5-901B-9EC121C9DEE4}.Release|x64.Build.0 = Release|x64
		{56B1A932-AC7F-48D5-901B-9EC121C9DEE4}.Release|x86.ActiveCfg = Release|Win32
		{56B1A932-AC7F-48D5-901B-9EC121C9DEE4}.Release|x86.Build.0 = Release|Win32
	EndGlobalSection
	GlobalSection(SolutionProperties) = preSolution
		HideSolutionNode = FALSE
	EndGlobalSection
EndGlobal
